{
  "nodes": {
    "anthropics-skills": {
      "flake": false,
      "locked": {
        "lastModified": 1778286877,
        "narHash": "sha256-jKNYFom6R+Qw7LQ8vFPBe51JpqIP0tTSY8LM4aPlnT4=",
        "owner": "anthropics",
        "repo": "skills",
        "rev": "f458cee31a7577a47ba0c9a101976fa599385174",
        "type": "github"
      },
      "original": {
        "owner": "anthropics",
        "repo": "skills",
        "type": "github"
      }
    },
    "catppuccin": {
      "inputs": {
        "nixpkgs": [
          "nixpkgs"
        ]
      },
      "locked": {
        "lastModified": 1778406663,
        "narHash": "sha256-jGOtlDJAe0MFoOErIxSFs3TQZ7WaCpUt1qnjJ0HhLfw=",
        "owner": "catppuccin",
        "repo": "nix",
        "rev": "a0fa2f1b901473d8aefb2e3026396e3562c1782c",
        "type": "github"
      },
      "original": {
        "owner": "catppuccin",
        "ref": "main",
        "repo": "nix",
        "type": "github"
      }
    },
    "caveman": {
      "flake": false,
      "locked": {
        "lastModified": 1778421884,
        "narHash": "sha256-fT5eFkqZVp1fgwM6iO0d2ER42XaPtLqHlO+TG9cHB74=",
        "owner": "JuliusBrussee",
        "repo": "caveman",
        "rev": "754795ada42dea54adf061d42a61e560caa4f9ce",
        "type": "github"
      },
      "original": {
        "owner": "JuliusBrussee",
        "repo": "caveman",
        "type": "github"
      }
    },
    "chrome-devtools-mcp": {
      "flake": false,
      "locked": {
        "lastModified": 1778569070,
        "narHash": "sha256-yRRbKNWJUccO7NRQHmjqnqIyhF9sWuzFBQmCBbpHVzY=",
        "owner": "ChromeDevTools",
        "repo": "chrome-devtools-mcp",
        "rev": "625dd51ce5cf036e34951b7c58f0c6ab9ba2342e",
        "type": "github"
      },
      "original": {
        "owner": "ChromeDevTools",
        "repo": "chrome-devtools-mcp",
        "type": "github"
      }
    },
    "claude-code-nix": {
      "inputs": {
        "flake-utils": "flake-utils",
        "nixpkgs": [
          "nixpkgs"
        ]
      },
      "locked": {
        "lastModified": 1778527844,
        "narHash": "sha256-L9X3AUVEyNN0Kfg5Gplw2S+eYjLhvTzrO2Ec21nvFBI=",
        "owner": "sadjow",
        "repo": "claude-code-nix",
        "rev": "f57197b166415cc8199b404b273275b5aa3823d5",
        "type": "github"
      },
      "original": {
        "owner": "sadjow",
        "repo": "claude-code-nix",
        "type": "github"
      }
    },
    "claude-plugins": {
      "flake": false,
      "locked": {
        "lastModified": 1778530473,
        "narHash": "sha256-xmcDiV66PH3l33OBReazrqmialAReco/SbmADoRHxxI=",
        "owner": "anthropics",
        "repo": "claude-plugins-official",
        "rev": "45896c8f2fe68e68ca2a8e3554d4441f48475431",
        "type": "github"
      },
      "original": {
        "owner": "anthropics",
        "repo": "claude-plugins-official",
        "type": "github"
      }
    },
    "flake-utils": {
      "inputs": {
        "systems": "systems"
      },
      "locked": {
        "lastModified": 1731533236,
        "narHash": "sha256-l0KFg5HjrsfsO/JpG+r7fRrqm12kzFHyUHqHCVpMMbI=",
        "owner": "numtide",
        "repo": "flake-utils",
        "rev": "11707dc2f618dd54ca8739b309ec4fc024de578b",
        "type": "github"
      },
      "original": {
        "owner": "numtide",
        "repo": "flake-utils",
        "type": "github"
      }
    },
    "flake-utils_2": {
      "inputs": {
        "systems": "systems_2"
      },
      "locked": {
        "lastModified": 1731533236,
        "narHash": "sha256-l0KFg5HjrsfsO/JpG+r7fRrqm12kzFHyUHqHCVpMMbI=",
        "owner": "numtide",
        "repo": "flake-utils",
        "rev": "11707dc2f618dd54ca8739b309ec4fc024de578b",
        "type": "github"
      },
      "original": {
        "owner": "numtide",
        "repo": "flake-utils",
        "type": "github"
      }
    },
    "home-manager": {
      "inputs": {
        "nixpkgs": [
          "nixpkgs"
        ]
      },
      "locked": {
        "lastModified": 1778535464,
        "narHash": "sha256-kkUQYSv70wynJ/DfnGals6r98I6bK3CVNVTN1zbAd7Y=",
        "owner": "nix-community",
        "repo": "home-manager",
        "rev": "b659c7ffd40fc9e3bb60d420c79c67e769b9f4ab",
        "type": "github"
      },
      "original": {
        "owner": "nix-community",
        "repo": "home-manager",
        "type": "github"
      }
    },
    "jj-starship": {
      "inputs": {
        "flake-utils": "flake-utils_2",
        "nixpkgs": [
          "nixpkgs"
        ]
      },
      "locked": {
        "lastModified": 1769370163,
        "narHash": "sha256-YfcFlJsPCRfqhN+3JUWE77c+eHIp5RAu2rq/JhSxCec=",
        "owner": "dmmulroy",
        "repo": "jj-starship",
        "rev": "76cf00619b0cce5bd08a1b9a49b310ed928794d5",
        "type": "github"
      },
      "original": {
        "owner": "dmmulroy",
        "repo": "jj-starship",
        "type": "github"
      }
    },
    "matt-pocock-skills": {
      "flake": false,
      "locked": {
        "lastModified": 1778571379,
        "narHash": "sha256-jdUTec3217Bc+h5npjKOlIBHp3rhEd/sRKzDV2N7XIc=",
        "owner": "mattpocock",
        "repo": "skills",
        "rev": "f304057d61d3df3c9fd992ac2b6e3833cb9325fb",
        "type": "github"
      },
      "original": {
        "owner": "mattpocock",
        "repo": "skills",
        "type": "github"
      }
    },
    "nix-darwin": {
      "inputs": {
        "nixpkgs": [
          "nixpkgs"
        ]
      },
      "locked": {
        "lastModified": 1777780666,
        "narHash": "sha256-8wURyQMdDkGUarSTKOGdCuFfYiwa3HbzwscUfn3STDE=",
        "owner": "lnl7",
        "repo": "nix-darwin",
        "rev": "8c62fba0854ba15c8917aed18894dbccb48a3777",
        "type": "github"
      },
      "original": {
        "owner": "lnl7",
        "repo": "nix-darwin",
        "type": "github"
      }
    },
    "nix-index-database": {
      "inputs": {
        "nixpkgs": [
          "nixpkgs"
        ]
      },
      "locked": {
        "lastModified": 1778393439,
        "narHash": "sha256-mOtQxUjtKaPHLeoLOY/YEDctmud1X9KwJr4kE1MJ3Wc=",
        "owner": "nix-community",
        "repo": "nix-index-database",
        "rev": "01466c414c7357ae2ce32be4a272a7c69e94ab5f",
        "type": "github"
      },
      "original": {
        "owner": "nix-community",
        "repo": "nix-index-database",
        "type": "github"
      }
    },
    "nixpkgs": {
      "locked": {
        "lastModified": 1777954456,
        "narHash": "sha256-hGdgeU2Nk87RAuZyYjyDjFL6LK7dAZN5RE9+hrDTkDU=",
        "owner": "nixos",
        "repo": "nixpkgs",
        "rev": "549bd84d6279f9852cae6225e372cc67fb91a4c1",
        "type": "github"
      },
      "original": {
        "owner": "nixos",
        "ref": "nixos-unstable",
        "repo": "nixpkgs",
        "type": "github"
      }
    },
    "root": {
      "inputs": {
        "anthropics-skills": "anthropics-skills",
        "catppuccin": "catppuccin",
        "caveman": "caveman",
        "chrome-devtools-mcp": "chrome-devtools-mcp",
        "claude-code-nix": "claude-code-nix",
        "claude-plugins": "claude-plugins",
        "home-manager": "home-manager",
        "jj-starship": "jj-starship",
        "matt-pocock-skills": "matt-pocock-skills",
        "nix-darwin": "nix-darwin",
        "nix-index-database": "nix-index-database",
        "nixpkgs": "nixpkgs"
      }
    },
    "systems": {
      "locked": {
        "lastModified": 1681028828,
        "narHash": "sha256-Vy1rq5AaRuLzOxct8nz4T6wlgyUR7zLU309k9mBC768=",
        "owner": "nix-systems",
        "repo": "default",
        "rev": "da67096a3b9bf56a91d16901293e51ba5b49a27e",
        "type": "github"
      },
      "original": {
        "owner": "nix-systems",
        "repo": "default",
        "type": "github"
      }
    },
    "systems_2": {
      "locked": {
        "lastModified": 1681028828,
        "narHash": "sha256-Vy1rq5AaRuLzOxct8nz4T6wlgyUR7zLU309k9mBC768=",
        "owner": "nix-systems",
        "repo": "default",
        "rev": "da67096a3b9bf56a91d16901293e51ba5b49a27e",
        "type": "github"
      },
      "original": {
        "owner": "nix-systems",
        "repo": "default",
        "type": "github"
      }
    }
  },
  "root": "root",
  "version": 7
}
