{
  "nodes": {
    "anthropics-skills": {
      "flake": false,
      "locked": {
        "lastModified": 1776964038,
        "narHash": "sha256-xFsg66TCtKzSgRIW6Ab771FWEIhei3jPgfE4byMiB44=",
        "owner": "anthropics",
        "repo": "skills",
        "rev": "5128e1865d670f5d6c9cef000e6dfc4e951fb5b9",
        "type": "github"
      },
      "original": {
        "owner": "anthropics",
        "repo": "skills",
        "type": "github"
      }
    },
    "catppuccin": {
      "inputs": {
        "nixpkgs": [
          "nixpkgs"
        ]
      },
      "locked": {
        "lastModified": 1777597594,
        "narHash": "sha256-RPede3ILelSe7H/DlULqU0YxDaD7fgyPvsQ7LHoCHco=",
        "owner": "catppuccin",
        "repo": "nix",
        "rev": "62382bccfce7ddd67d7419fb90cc5b3cd437b17f",
        "type": "github"
      },
      "original": {
        "owner": "catppuccin",
        "ref": "main",
        "repo": "nix",
        "type": "github"
      }
    },
    "caveman": {
      "flake": false,
      "locked": {
        "lastModified": 1777595274,
        "narHash": "sha256-LlyBlFsKUHKzsOXEwENoVSsZHtKENVY4vFMRf08vzoU=",
        "owner": "JuliusBrussee",
        "repo": "caveman",
        "rev": "ef6050c5e1848b6880ff47c32ade1a608a64f85e",
        "type": "github"
      },
      "original": {
        "owner": "JuliusBrussee",
        "repo": "caveman",
        "type": "github"
      }
    },
    "chrome-devtools-mcp": {
      "flake": false,
      "locked": {
        "lastModified": 1777551935,
        "narHash": "sha256-O3LjHkqJubFqslOSLsJYUygJUQnLG6DQkEj7Q58gSFw=",
        "owner": "ChromeDevTools",
        "repo": "chrome-devtools-mcp",
        "rev": "a90378adf3226e8b27a05cdcfdd801c199acaa93",
        "type": "github"
      },
      "original": {
        "owner": "ChromeDevTools",
        "repo": "chrome-devtools-mcp",
        "type": "github"
      }
    },
    "claude-plugins": {
      "flake": false,
      "locked": {
        "lastModified": 1777479507,
        "narHash": "sha256-5h7uXbqtuguCw9AMpEFJiKAH7ZmGgJJvm3yyec6+BXE=",
        "owner": "anthropics",
        "repo": "claude-plugins-official",
        "rev": "0742692199b49af5c6c33cd68ee674fb2e679d50",
        "type": "github"
      },
      "original": {
        "owner": "anthropics",
        "repo": "claude-plugins-official",
        "type": "github"
      }
    },
    "flake-utils": {
      "inputs": {
        "systems": "systems"
      },
      "locked": {
        "lastModified": 1731533236,
        "narHash": "sha256-l0KFg5HjrsfsO/JpG+r7fRrqm12kzFHyUHqHCVpMMbI=",
        "owner": "numtide",
        "repo": "flake-utils",
        "rev": "11707dc2f618dd54ca8739b309ec4fc024de578b",
        "type": "github"
      },
      "original": {
        "owner": "numtide",
        "repo": "flake-utils",
        "type": "github"
      }
    },
    "home-manager": {
      "inputs": {
        "nixpkgs": [
          "nixpkgs"
        ]
      },
      "locked": {
        "lastModified": 1777594677,
        "narHash": "sha256-h90sHwoRJLRvaTpZroTvU2JRHDFj0czUafM8eqLe1RI=",
        "owner": "nix-community",
        "repo": "home-manager",
        "rev": "899c08a15beae5da51a5cecd6b2b994777a948da",
        "type": "github"
      },
      "original": {
        "owner": "nix-community",
        "repo": "home-manager",
        "type": "github"
      }
    },
    "jj-starship": {
      "inputs": {
        "flake-utils": "flake-utils",
        "nixpkgs": [
          "nixpkgs"
        ]
      },
      "locked": {
        "lastModified": 1769370163,
        "narHash": "sha256-YfcFlJsPCRfqhN+3JUWE77c+eHIp5RAu2rq/JhSxCec=",
        "owner": "dmmulroy",
        "repo": "jj-starship",
        "rev": "76cf00619b0cce5bd08a1b9a49b310ed928794d5",
        "type": "github"
      },
      "original": {
        "owner": "dmmulroy",
        "repo": "jj-starship",
        "type": "github"
      }
    },
    "matt-pocock-skills": {
      "flake": false,
      "locked": {
        "lastModified": 1777549091,
        "narHash": "sha256-qOhU5bBnT6kI8c7i0r0IyecrgLJNNPlmQtAb6qWM73Q=",
        "owner": "mattpocock",
        "repo": "skills",
        "rev": "b843cb5ea74b1fe5e58a0fc23cddef9e66076fb8",
        "type": "github"
      },
      "original": {
        "owner": "mattpocock",
        "repo": "skills",
        "type": "github"
      }
    },
    "nix-darwin": {
      "inputs": {
        "nixpkgs": [
          "nixpkgs"
        ]
      },
      "locked": {
        "lastModified": 1775037210,
        "narHash": "sha256-KM2WYj6EA7M/FVZVCl3rqWY+TFV5QzSyyGE2gQxeODU=",
        "owner": "lnl7",
        "repo": "nix-darwin",
        "rev": "06648f4902343228ce2de79f291dd5a58ee12146",
        "type": "github"
      },
      "original": {
        "owner": "lnl7",
        "repo": "nix-darwin",
        "type": "github"
      }
    },
    "nix-index-database": {
      "inputs": {
        "nixpkgs": [
          "nixpkgs"
        ]
      },
      "locked": {
        "lastModified": 1777181277,
        "narHash": "sha256-yVJbd07ortDRAttDFmDV5p220aOLTHgVAx//0nW/xW8=",
        "owner": "nix-community",
        "repo": "nix-index-database",
        "rev": "b8eb7acee0f7604fe1bf6a5b3dcf5254369180fa",
        "type": "github"
      },
      "original": {
        "owner": "nix-community",
        "repo": "nix-index-database",
        "type": "github"
      }
    },
    "nixpkgs": {
      "locked": {
        "lastModified": 1777268161,
        "narHash": "sha256-bxrdOn8SCOv8tN4JbTF/TXq7kjo9ag4M+C8yzzIRYbE=",
        "owner": "nixos",
        "repo": "nixpkgs",
        "rev": "1c3fe55ad329cbcb28471bb30f05c9827f724c76",
        "type": "github"
      },
      "original": {
        "owner": "nixos",
        "ref": "nixos-unstable",
        "repo": "nixpkgs",
        "type": "github"
      }
    },
    "root": {
      "inputs": {
        "anthropics-skills": "anthropics-skills",
        "catppuccin": "catppuccin",
        "caveman": "caveman",
        "chrome-devtools-mcp": "chrome-devtools-mcp",
        "claude-plugins": "claude-plugins",
        "home-manager": "home-manager",
        "jj-starship": "jj-starship",
        "matt-pocock-skills": "matt-pocock-skills",
        "nix-darwin": "nix-darwin",
        "nix-index-database": "nix-index-database",
        "nixpkgs": "nixpkgs"
      }
    },
    "systems": {
      "locked": {
        "lastModified": 1681028828,
        "narHash": "sha256-Vy1rq5AaRuLzOxct8nz4T6wlgyUR7zLU309k9mBC768=",
        "owner": "nix-systems",
        "repo": "default",
        "rev": "da67096a3b9bf56a91d16901293e51ba5b49a27e",
        "type": "github"
      },
      "original": {
        "owner": "nix-systems",
        "repo": "default",
        "type": "github"
      }
    }
  },
  "root": "root",
  "version": 7
}
